
Microsoft Visual Studio Solution File, Format Version 12.00
# Visual Studio Version 17
VisualStudioVersion = 17.8.34525.116
MinimumVisualStudioVersion = 10.0.40219.1
Project("{FAE04EC0-301F-11D3-BF4B-00C04F79EFBC}") = "ReproductionEditform", "ReproductionEditform.csproj", "{DFE9DD5F-DFE0-4A3E-9E54-32AC421E48BB}"
EndProject
Global
	GlobalSection(SolutionConfigurationPlatforms) = preSolution
		Debug|Any CPU = Debug|Any CPU
		Release|Any CPU = Release|Any CPU
	EndGlobalSection
	GlobalSection(ProjectConfigurationPlatforms) = postSolution
		{DFE9DD5F-DFE0-4A3E-9E54-32AC421E48BB}.Debug|Any CPU.ActiveCfg = Debug|Any CPU
		{DFE9DD5F-DFE0-4A3E-9E54-32AC421E48BB}.Debug|Any CPU.Build.0 = Debug|Any CPU
		{DFE9DD5F-DFE0-4A3E-9E54-32AC421E48BB}.Release|Any CPU.ActiveCfg = Release|Any CPU
		{DFE9DD5F-DFE0-4A3E-9E54-32AC421E48BB}.Release|Any CPU.Build.0 = Release|Any CPU
	EndGlobalSection
	GlobalSection(SolutionProperties) = preSolution
		HideSolutionNode = FALSE
	EndGlobalSection
	GlobalSection(ExtensibilityGlobals) = postSolution
		SolutionGuid = {7DDBC635-4495-40C4-B9A0-F0B386519315}
	EndGlobalSection
EndGlobal
